
Microsoft Visual Studio Solution File, Format Version 12.00
# Visual Studio Version 17
VisualStudioVersion = 17.11.35327.3
MinimumVisualStudioVersion = 10.0.40219.1
Project("{FAE04EC0-301F-11D3-BF4B-00C04F79EFBC}") = "ConvercsionDeMoneda", "ConvercsionDeMoneda.csproj", "{0F697908-5B6D-4E26-A340-BA0AE27132C7}"
EndProject
Global
	GlobalSection(SolutionConfigurationPlatforms) = preSolution
		Debug|Any CPU = Debug|Any CPU
		Release|Any CPU = Release|Any CPU
	EndGlobalSection
	GlobalSection(ProjectConfigurationPlatforms) = postSolution
		{0F697908-5B6D-4E26-A340-BA0AE27132C7}.Debug|Any CPU.ActiveCfg = Debug|Any CPU
		{0F697908-5B6D-4E26-A340-BA0AE27132C7}.Debug|Any CPU.Build.0 = Debug|Any CPU
		{0F697908-5B6D-4E26-A340-BA0AE27132C7}.Release|Any CPU.ActiveCfg = Release|Any CPU
		{0F697908-5B6D-4E26-A340-BA0AE27132C7}.Release|Any CPU.Build.0 = Release|Any CPU
	EndGlobalSection
	GlobalSection(SolutionProperties) = preSolution
		HideSolutionNode = FALSE
	EndGlobalSection
	GlobalSection(ExtensibilityGlobals) = postSolution
		SolutionGuid = {FC4F165D-EB8F-4DE0-9E28-074B6EEE6F7C}
	EndGlobalSection
EndGlobal
